
Microsoft Visual Studio Solution File, Format Version 12.00
# Visual Studio Version 17
VisualStudioVersion = 17.10.35004.147
MinimumVisualStudioVersion = 10.0.40219.1
Project("{FAE04EC0-301F-11D3-BF4B-00C04F79EFBC}") = "Gymdbmsprj", "saeedprj\Gymdbmsprj.csproj", "{1FBB8ABC-691F-4910-AF21-35803BFCD0B5}"
EndProject
Global
	GlobalSection(SolutionConfigurationPlatforms) = preSolution
		Debug|Any CPU = Debug|Any CPU
		Release|Any CPU = Release|Any CPU
	EndGlobalSection
	GlobalSection(ProjectConfigurationPlatforms) = postSolution
		{1FBB8ABC-691F-4910-AF21-35803BFCD0B5}.Debug|Any CPU.ActiveCfg = Debug|Any CPU
		{1FBB8ABC-691F-4910-AF21-35803BFCD0B5}.Debug|Any CPU.Build.0 = Debug|Any CPU
		{1FBB8ABC-691F-4910-AF21-35803BFCD0B5}.Release|Any CPU.ActiveCfg = Release|Any CPU
		{1FBB8ABC-691F-4910-AF21-35803BFCD0B5}.Release|Any CPU.Build.0 = Release|Any CPU
	EndGlobalSection
	GlobalSection(SolutionProperties) = preSolution
		HideSolutionNode = FALSE
	EndGlobalSection
	GlobalSection(ExtensibilityGlobals) = postSolution
		SolutionGuid = {C27F48FF-59ED-4BCB-ADCB-E63D96494087}
	EndGlobalSection
EndGlobal
